
Microsoft Visual Studio Solution File, Format Version 12.00
# Visual Studio 15
VisualStudioVersion = 15.0.26403.7
MinimumVisualStudioVersion = 10.0.40219.1
Project("{FAE04EC0-301F-11D3-BF4B-00C04F79EFBC}") = "ShopOF", "ShopOF\ShopOF.csproj", "{3C2D8A8F-D23F-4DDF-B526-FCDEE4D0D766}"
EndProject
Project("{FAE04EC0-301F-11D3-BF4B-00C04F79EFBC}") = "ShopOF.Tests", "ShopOF.Tests\ShopOF.Tests.csproj", "{AF20C1A1-DD2A-4568-B46B-6B0BBA235EE9}"
EndProject
Global
	GlobalSection(SolutionConfigurationPlatforms) = preSolution
		Debug|Any CPU = Debug|Any CPU
		Release|Any CPU = Release|Any CPU
	EndGlobalSection
	GlobalSection(ProjectConfigurationPlatforms) = postSolution
		{3C2D8A8F-D23F-4DDF-B526-FCDEE4D0D766}.Debug|Any CPU.ActiveCfg = Debug|Any CPU
		{3C2D8A8F-D23F-4DDF-B526-FCDEE4D0D766}.Debug|Any CPU.Build.0 = Debug|Any CPU
		{3C2D8A8F-D23F-4DDF-B526-FCDEE4D0D766}.Release|Any CPU.ActiveCfg = Release|Any CPU
		{3C2D8A8F-D23F-4DDF-B526-FCDEE4D0D766}.Release|Any CPU.Build.0 = Release|Any CPU
		{AF20C1A1-DD2A-4568-B46B-6B0BBA235EE9}.Debug|Any CPU.ActiveCfg = Debug|Any CPU
		{AF20C1A1-DD2A-4568-B46B-6B0BBA235EE9}.Debug|Any CPU.Build.0 = Debug|Any CPU
		{AF20C1A1-DD2A-4568-B46B-6B0BBA235EE9}.Release|Any CPU.ActiveCfg = Release|Any CPU
		{AF20C1A1-DD2A-4568-B46B-6B0BBA235EE9}.Release|Any CPU.Build.0 = Release|Any CPU
	EndGlobalSection
	GlobalSection(SolutionProperties) = preSolution
		HideSolutionNode = FALSE
	EndGlobalSection
EndGlobal
